name: Sync uv.lock

on:
  push:
    paths:
      - pyproject.toml

permissions:
  contents: write

jobs:
  lock:
    runs-on: ubuntu-latest
    steps:
      - uses: actions/checkout@v4
        with:
          ref: ${{ github.ref_name }}
      - uses: astral-sh/setup-uv@v5
      - run: uv lock
      - run: |
          if ! git diff --quiet uv.lock; then
            git config user.name "github-actions[bot]"
            git config user.email "github-actions[bot]@users.noreply.github.com"
            git add uv.lock
            git commit -m "chore: sync uv.lock"
            git push
          fi
